
Microsoft Visual Studio Solution File, Format Version 12.00
# Visual Studio Version 16
VisualStudioVersion = 16.0.30611.23
MinimumVisualStudioVersion = 10.0.40219.1
Project("{9A19103F-16F7-4668-BE54-9A1E7A4F7556}") = "SessionTimeout", "SessionTimeout\SessionTimeout.csproj", "{AFFC7F18-EE0A-4877-B7BD-0869369A8AFF}"
EndProject
Global
	GlobalSection(SolutionConfigurationPlatforms) = preSolution
		Debug|Any CPU = Debug|Any CPU
		Release|Any CPU = Release|Any CPU
	EndGlobalSection
	GlobalSection(ProjectConfigurationPlatforms) = postSolution
		{AFFC7F18-EE0A-4877-B7BD-0869369A8AFF}.Debug|Any CPU.ActiveCfg = Debug|Any CPU
		{AFFC7F18-EE0A-4877-B7BD-0869369A8AFF}.Debug|Any CPU.Build.0 = Debug|Any CPU
		{AFFC7F18-EE0A-4877-B7BD-0869369A8AFF}.Release|Any CPU.ActiveCfg = Release|Any CPU
		{AFFC7F18-EE0A-4877-B7BD-0869369A8AFF}.Release|Any CPU.Build.0 = Release|Any CPU
	EndGlobalSection
	GlobalSection(SolutionProperties) = preSolution
		HideSolutionNode = FALSE
	EndGlobalSection
	GlobalSection(ExtensibilityGlobals) = postSolution
		SolutionGuid = {EE21C5B4-D4F7-4F6B-99A2-06CC6B76AEF3}
	EndGlobalSection
EndGlobal
